// !$*UTF8*$!
{
	archiveVersion = 1;
	classes = {
	};
	objectVersion = 46;
	objects = {

/* Begin PBXBuildFile section */
		35039B611ECA480900333966 /* RandomIcon.png in Resources */ = {isa = PBXBuildFile; fileRef = 35039B601ECA480900333966 /* RandomIcon.png */; };
		350510281E47D82100292DA8 /* WebViewController.m in Sources */ = {isa = PBXBuildFile; fileRef = 350510261E47D82100292DA8 /* WebViewController.m */; };
		350510291E47D82100292DA8 /* WebViewController.xib in Resources */ = {isa = PBXBuildFile; fileRef = 350510271E47D82100292DA8 /* WebViewController.xib */; };
		351B48091ECB2007005F9323 /* LaunchScreen.storyboard in Resources */ = {isa = PBXBuildFile; fileRef = 351B48081ECB2007005F9323 /* LaunchScreen.storyboard */; };
		353DE1291E6F352B0085532B /* glassScore.png in Resources */ = {isa = PBXBuildFile; fileRef = 353DE1281E6F352B0085532B /* glassScore.png */; };
		353DE1341E702FAE0085532B /* WineViewControlleriPhone.xib in Resources */ = {isa = PBXBuildFile; fileRef = 353DE1321E702FAE0085532B /* WineViewControlleriPhone.xib */; };
		353DE1361E706FEB0085532B /* BackgroundiPhone.png in Resources */ = {isa = PBXBuildFile; fileRef = 353DE1351E706FEB0085532B /* BackgroundiPhone.png */; };
		3542189F1E30E69600A78FA4 /* main.m in Sources */ = {isa = PBXBuildFile; fileRef = 3542189E1E30E69600A78FA4 /* main.m */; };
		354218A21E30E69600A78FA4 /* AppDelegate.m in Sources */ = {isa = PBXBuildFile; fileRef = 354218A11E30E69600A78FA4 /* AppDelegate.m */; };
		354218A41E30E69600A78FA4 /* Assets.xcassets in Resources */ = {isa = PBXBuildFile; fileRef = 354218A31E30E69600A78FA4 /* Assets.xcassets */; };
		354218B01E30EEF800A78FA4 /* WineModel.m in Sources */ = {isa = PBXBuildFile; fileRef = 354218AF1E30EEF800A78FA4 /* WineModel.m */; };
		354218BE1E31224C00A78FA4 /* WineViewController.m in Sources */ = {isa = PBXBuildFile; fileRef = 354218BC1E31224C00A78FA4 /* WineViewController.m */; };
		354218BF1E31224C00A78FA4 /* WineViewController.xib in Resources */ = {isa = PBXBuildFile; fileRef = 354218BD1E31224C00A78FA4 /* WineViewController.xib */; };
		354218C41E312A8800A78FA4 /* bembibre.jpg in Resources */ = {isa = PBXBuildFile; fileRef = 354218C31E312A8800A78FA4 /* bembibre.jpg */; };
		354568E01E6DF6F000C32A96 /* Background.png in Resources */ = {isa = PBXBuildFile; fileRef = 354568DF1E6DF6F000C32A96 /* Background.png */; };
		356013A51EB216FA0091811F /* BandaAleatorioMenu.png in Resources */ = {isa = PBXBuildFile; fileRef = 3560139E1EB216FA0091811F /* BandaAleatorioMenu.png */; };
		356013A61EB216FA0091811F /* BandaBlancosMenu.png in Resources */ = {isa = PBXBuildFile; fileRef = 3560139F1EB216FA0091811F /* BandaBlancosMenu.png */; };
		356013A71EB216FA0091811F /* BandaRojosMenu.png in Resources */ = {isa = PBXBuildFile; fileRef = 356013A01EB216FA0091811F /* BandaRojosMenu.png */; };
		356013A81EB216FA0091811F /* BandaRosadosMenu.png in Resources */ = {isa = PBXBuildFile; fileRef = 356013A11EB216FA0091811F /* BandaRosadosMenu.png */; };
		356013AA1EB216FA0091811F /* CopaBlancosMenu.png in Resources */ = {isa = PBXBuildFile; fileRef = 356013A31EB216FA0091811F /* CopaBlancosMenu.png */; };
		356013AB1EB216FA0091811F /* CopaRosadosMenu.png in Resources */ = {isa = PBXBuildFile; fileRef = 356013A41EB216FA0091811F /* CopaRosadosMenu.png */; };
		356013AD1EB2190A0091811F /* CopaRojosMenu.png in Resources */ = {isa = PBXBuildFile; fileRef = 356013AC1EB2190A0091811F /* CopaRojosMenu.png */; };
		357C5F3E1ECB120E0030E3FA /* HourglassIcon.png in Resources */ = {isa = PBXBuildFile; fileRef = 357C5F3D1ECB120E0030E3FA /* HourglassIcon.png */; };
		3583A6D91E4107DC00B8FFA6 /* WineryModel.m in Sources */ = {isa = PBXBuildFile; fileRef = 3583A6D81E4107DC00B8FFA6 /* WineryModel.m */; };
		3583A6DC1E410D9800B8FFA6 /* WineryTableViewController.m in Sources */ = {isa = PBXBuildFile; fileRef = 3583A6DB1E410D9800B8FFA6 /* WineryTableViewController.m */; };
		359084521E3FC11500090A3D /* zarate.gif in Resources */ = {isa = PBXBuildFile; fileRef = 359084511E3FC11500090A3D /* zarate.gif */; };
		359084541E3FC11E00090A3D /* comtesDeChampagne.jpg in Resources */ = {isa = PBXBuildFile; fileRef = 359084531E3FC11E00090A3D /* comtesDeChampagne.jpg */; };
		3596C5B61E4CA53500B52DCC /* sinImagen.png in Resources */ = {isa = PBXBuildFile; fileRef = 3596C5B51E4CA53500B52DCC /* sinImagen.png */; };
		35BD0DD71E71DF9D00272407 /* emptyGlassScore.png in Resources */ = {isa = PBXBuildFile; fileRef = 35BD0DD61E71DF9D00272407 /* emptyGlassScore.png */; };
		35BD0DD91E71E21200272407 /* header.png in Resources */ = {isa = PBXBuildFile; fileRef = 35BD0DD81E71E21200272407 /* header.png */; };
		35BD0DDB1E71E3C400272407 /* Copas.png in Resources */ = {isa = PBXBuildFile; fileRef = 35BD0DDA1E71E3C400272407 /* Copas.png */; };
		35EC15301E78650C00B3E069 /* Separador.png in Resources */ = {isa = PBXBuildFile; fileRef = 35EC152F1E78650C00B3E069 /* Separador.png */; };
		35EC15441E7875D100B3E069 /* MainMenu.m in Sources */ = {isa = PBXBuildFile; fileRef = 35EC15421E7875D100B3E069 /* MainMenu.m */; };
		35EC15451E7875D100B3E069 /* MainMenu.xib in Resources */ = {isa = PBXBuildFile; fileRef = 35EC15431E7875D100B3E069 /* MainMenu.xib */; };
		3D72D52E8FBA8387D3EDBD5E /* libPods-WineApp.a in Frameworks */ = {isa = PBXBuildFile; fileRef = 82F380D7AC5C4872BCF2782C /* libPods-WineApp.a */; };
/* End PBXBuildFile section */

/* Begin PBXFileReference section */
		35039B601ECA480900333966 /* RandomIcon.png */ = {isa = PBXFileReference; lastKnownFileType = image.png; path = RandomIcon.png; sourceTree = "<group>"; };
		350510251E47D82100292DA8 /* WebViewController.h */ = {isa = PBXFileReference; fileEncoding = 4; lastKnownFileType = sourcecode.c.h; path = WebViewController.h; sourceTree = "<group>"; };
		350510261E47D82100292DA8 /* WebViewController.m */ = {isa = PBXFileReference; fileEncoding = 4; lastKnownFileType = sourcecode.c.objc; path = WebViewController.m; sourceTree = "<group>"; };
		350510271E47D82100292DA8 /* WebViewController.xib */ = {isa = PBXFileReference; fileEncoding = 4; lastKnownFileType = file.xib; path = WebViewController.xib; sourceTree = "<group>"; };
		351B48081ECB2007005F9323 /* LaunchScreen.storyboard */ = {isa = PBXFileReference; fileEncoding = 4; lastKnownFileType = file.storyboard; path = LaunchScreen.storyboard; sourceTree = "<group>"; };
		353DE1281E6F352B0085532B /* glassScore.png */ = {isa = PBXFileReference; lastKnownFileType = image.png; path = glassScore.png; sourceTree = "<group>"; };
		353DE1321E702FAE0085532B /* WineViewControlleriPhone.xib */ = {isa = PBXFileReference; fileEncoding = 4; lastKnownFileType = file.xib; path = WineViewControlleriPhone.xib; sourceTree = "<group>"; };
		353DE1351E706FEB0085532B /* BackgroundiPhone.png */ = {isa = PBXFileReference; lastKnownFileType = image.png; path = BackgroundiPhone.png; sourceTree = "<group>"; };
		3542189A1E30E69600A78FA4 /* WineApp.app */ = {isa = PBXFileReference; explicitFileType = wrapper.application; includeInIndex = 0; path = WineApp.app; sourceTree = BUILT_PRODUCTS_DIR; };
		3542189E1E30E69600A78FA4 /* main.m */ = {isa = PBXFileReference; lastKnownFileType = sourcecode.c.objc; path = main.m; sourceTree = "<group>"; };
		354218A01E30E69600A78FA4 /* AppDelegate.h */ = {isa = PBXFileReference; lastKnownFileType = sourcecode.c.h; path = AppDelegate.h; sourceTree = "<group>"; };
		354218A11E30E69600A78FA4 /* AppDelegate.m */ = {isa = PBXFileReference; lastKnownFileType = sourcecode.c.objc; path = AppDelegate.m; sourceTree = "<group>"; };
		354218A31E30E69600A78FA4 /* Assets.xcassets */ = {isa = PBXFileReference; lastKnownFileType = folder.assetcatalog; path = Assets.xcassets; sourceTree = "<group>"; };
		354218A81E30E69600A78FA4 /* Info.plist */ = {isa = PBXFileReference; lastKnownFileType = text.plist.xml; path = Info.plist; sourceTree = "<group>"; };
		354218AE1E30EEF800A78FA4 /* WineModel.h */ = {isa = PBXFileReference; fileEncoding = 4; lastKnownFileType = sourcecode.c.h; path = WineModel.h; sourceTree = "<group>"; };
		354218AF1E30EEF800A78FA4 /* WineModel.m */ = {isa = PBXFileReference; fileEncoding = 4; lastKnownFileType = sourcecode.c.objc; path = WineModel.m; sourceTree = "<group>"; };
		354218BB1E31224C00A78FA4 /* WineViewController.h */ = {isa = PBXFileReference; fileEncoding = 4; lastKnownFileType = sourcecode.c.h; path = WineViewController.h; sourceTree = "<group>"; };
		354218BC1E31224C00A78FA4 /* WineViewController.m */ = {isa = PBXFileReference; fileEncoding = 4; lastKnownFileType = sourcecode.c.objc; path = WineViewController.m; sourceTree = "<group>"; };
		354218BD1E31224C00A78FA4 /* WineViewController.xib */ = {isa = PBXFileReference; fileEncoding = 4; lastKnownFileType = file.xib; path = WineViewController.xib; sourceTree = "<group>"; };
		354218C31E312A8800A78FA4 /* bembibre.jpg */ = {isa = PBXFileReference; lastKnownFileType = image.jpeg; path = bembibre.jpg; sourceTree = "<group>"; };
		354568DF1E6DF6F000C32A96 /* Background.png */ = {isa = PBXFileReference; lastKnownFileType = image.png; path = Background.png; sourceTree = "<group>"; };
		3560139E1EB216FA0091811F /* BandaAleatorioMenu.png */ = {isa = PBXFileReference; lastKnownFileType = image.png; path = BandaAleatorioMenu.png; sourceTree = "<group>"; };
		3560139F1EB216FA0091811F /* BandaBlancosMenu.png */ = {isa = PBXFileReference; lastKnownFileType = image.png; path = BandaBlancosMenu.png; sourceTree = "<group>"; };
		356013A01EB216FA0091811F /* BandaRojosMenu.png */ = {isa = PBXFileReference; lastKnownFileType = image.png; path = BandaRojosMenu.png; sourceTree = "<group>"; };
		356013A11EB216FA0091811F /* BandaRosadosMenu.png */ = {isa = PBXFileReference; lastKnownFileType = image.png; path = BandaRosadosMenu.png; sourceTree = "<group>"; };
		356013A31EB216FA0091811F /* CopaBlancosMenu.png */ = {isa = PBXFileReference; lastKnownFileType = image.png; path = CopaBlancosMenu.png; sourceTree = "<group>"; };
		356013A41EB216FA0091811F /* CopaRosadosMenu.png */ = {isa = PBXFileReference; lastKnownFileType = image.png; path = CopaRosadosMenu.png; sourceTree = "<group>"; };
		356013AC1EB2190A0091811F /* CopaRojosMenu.png */ = {isa = PBXFileReference; lastKnownFileType = image.png; path = CopaRojosMenu.png; sourceTree = "<group>"; };
		357C5F3D1ECB120E0030E3FA /* HourglassIcon.png */ = {isa = PBXFileReference; lastKnownFileType = image.png; path = HourglassIcon.png; sourceTree = "<group>"; };
		3583A6D71E4107DC00B8FFA6 /* WineryModel.h */ = {isa = PBXFileReference; fileEncoding = 4; lastKnownFileType = sourcecode.c.h; path = WineryModel.h; sourceTree = "<group>"; };
		3583A6D81E4107DC00B8FFA6 /* WineryModel.m */ = {isa = PBXFileReference; fileEncoding = 4; lastKnownFileType = sourcecode.c.objc; path = WineryModel.m; sourceTree = "<group>"; };
		3583A6DA1E410D9800B8FFA6 /* WineryTableViewController.h */ = {isa = PBXFileReference; fileEncoding = 4; lastKnownFileType = sourcecode.c.h; path = WineryTableViewController.h; sourceTree = "<group>"; };
		3583A6DB1E410D9800B8FFA6 /* WineryTableViewController.m */ = {isa = PBXFileReference; fileEncoding = 4; lastKnownFileType = sourcecode.c.objc; path = WineryTableViewController.m; sourceTree = "<group>"; };
		359084511E3FC11500090A3D /* zarate.gif */ = {isa = PBXFileReference; lastKnownFileType = image.gif; path = zarate.gif; sourceTree = "<group>"; };
		359084531E3FC11E00090A3D /* comtesDeChampagne.jpg */ = {isa = PBXFileReference; lastKnownFileType = image.jpeg; path = comtesDeChampagne.jpg; sourceTree = "<group>"; };
		3596C5B51E4CA53500B52DCC /* sinImagen.png */ = {isa = PBXFileReference; lastKnownFileType = image.png; path = sinImagen.png; sourceTree = "<group>"; };
		35BD0DD61E71DF9D00272407 /* emptyGlassScore.png */ = {isa = PBXFileReference; lastKnownFileType = image.png; path = emptyGlassScore.png; sourceTree = "<group>"; };
		35BD0DD81E71E21200272407 /* header.png */ = {isa = PBXFileReference; lastKnownFileType = image.png; path = header.png; sourceTree = "<group>"; };
		35BD0DDA1E71E3C400272407 /* Copas.png */ = {isa = PBXFileReference; lastKnownFileType = image.png; path = Copas.png; sourceTree = "<group>"; };
		35EC152F1E78650C00B3E069 /* Separador.png */ = {isa = PBXFileReference; lastKnownFileType = image.png; path = Separador.png; sourceTree = "<group>"; };
		35EC15411E7875D100B3E069 /* MainMenu.h */ = {isa = PBXFileReference; fileEncoding = 4; lastKnownFileType = sourcecode.c.h; name = MainMenu.h; path = ../MainMenu.h; sourceTree = "<group>"; };
		35EC15421E7875D100B3E069 /* MainMenu.m */ = {isa = PBXFileReference; fileEncoding = 4; lastKnownFileType = sourcecode.c.objc; name = MainMenu.m; path = ../MainMenu.m; sourceTree = "<group>"; };
		35EC15431E7875D100B3E069 /* MainMenu.xib */ = {isa = PBXFileReference; fileEncoding = 4; lastKnownFileType = file.xib; name = MainMenu.xib; path = ../MainMenu.xib; sourceTree = "<group>"; };
		6501CF743EC3101BA87742E1 /* Pods-WineApp.debug.xcconfig */ = {isa = PBXFileReference; includeInIndex = 1; lastKnownFileType = text.xcconfig; name = "Pods-WineApp.debug.xcconfig"; path = "Pods/Target Support Files/Pods-WineApp/Pods-WineApp.debug.xcconfig"; sourceTree = "<group>"; };
		753CF9C2A5A58CA2BA04A3F7 /* Pods-WineApp.release.xcconfig */ = {isa = PBXFileReference; includeInIndex = 1; lastKnownFileType = text.xcconfig; name = "Pods-WineApp.release.xcconfig"; path = "Pods/Target Support Files/Pods-WineApp/Pods-WineApp.release.xcconfig"; sourceTree = "<group>"; };
		82F380D7AC5C4872BCF2782C /* libPods-WineApp.a */ = {isa = PBXFileReference; explicitFileType = archive.ar; includeInIndex = 0; path = "libPods-WineApp.a"; sourceTree = BUILT_PRODUCTS_DIR; };
/* End PBXFileReference section */

/* Begin PBXFrameworksBuildPhase section */
		354218971E30E69600A78FA4 /* Frameworks */ = {
			isa = PBXFrameworksBuildPhase;
			buildActionMask = 2147483647;
			files = (
				3D72D52E8FBA8387D3EDBD5E /* libPods-WineApp.a in Frameworks */,
			);
			runOnlyForDeploymentPostprocessing = 0;
		};
/* End PBXFrameworksBuildPhase section */

/* Begin PBXGroup section */
		275D8E871958E27B190E619B /* Pods */ = {
			isa = PBXGroup;
			children = (
				6501CF743EC3101BA87742E1 /* Pods-WineApp.debug.xcconfig */,
				753CF9C2A5A58CA2BA04A3F7 /* Pods-WineApp.release.xcconfig */,
			);
			name = Pods;
			sourceTree = "<group>";
		};
		354218911E30E69600A78FA4 = {
			isa = PBXGroup;
			children = (
				3542189C1E30E69600A78FA4 /* WineApp */,
				3542189B1E30E69600A78FA4 /* Products */,
				275D8E871958E27B190E619B /* Pods */,
				8A737E25BC7C44B9FF44A7F7 /* Frameworks */,
			);
			sourceTree = "<group>";
		};
		3542189B1E30E69600A78FA4 /* Products */ = {
			isa = PBXGroup;
			children = (
				3542189A1E30E69600A78FA4 /* WineApp.app */,
			);
			name = Products;
			sourceTree = "<group>";
		};
		3542189C1E30E69600A78FA4 /* WineApp */ = {
			isa = PBXGroup;
			children = (
				354218C21E31293400A78FA4 /* Resources */,
				354218A01E30E69600A78FA4 /* AppDelegate.h */,
				354218A11E30E69600A78FA4 /* AppDelegate.m */,
				354218B51E3116D600A78FA4 /* Controllers */,
				354218B11E30EF0000A78FA4 /* Models */,
				354218A31E30E69600A78FA4 /* Assets.xcassets */,
				351B48081ECB2007005F9323 /* LaunchScreen.storyboard */,
				354218A81E30E69600A78FA4 /* Info.plist */,
				3542189D1E30E69600A78FA4 /* Supporting Files */,
			);
			name = WineApp;
			path = Baccus;
			sourceTree = "<group>";
		};
		3542189D1E30E69600A78FA4 /* Supporting Files */ = {
			isa = PBXGroup;
			children = (
				3542189E1E30E69600A78FA4 /* main.m */,
			);
			name = "Supporting Files";
			sourceTree = "<group>";
		};
		354218B11E30EF0000A78FA4 /* Models */ = {
			isa = PBXGroup;
			children = (
				354218AE1E30EEF800A78FA4 /* WineModel.h */,
				354218AF1E30EEF800A78FA4 /* WineModel.m */,
				3583A6D71E4107DC00B8FFA6 /* WineryModel.h */,
				3583A6D81E4107DC00B8FFA6 /* WineryModel.m */,
			);
			name = Models;
			sourceTree = "<group>";
		};
		354218B51E3116D600A78FA4 /* Controllers */ = {
			isa = PBXGroup;
			children = (
				35EC15411E7875D100B3E069 /* MainMenu.h */,
				35EC15421E7875D100B3E069 /* MainMenu.m */,
				35EC15431E7875D100B3E069 /* MainMenu.xib */,
				354218BB1E31224C00A78FA4 /* WineViewController.h */,
				354218BC1E31224C00A78FA4 /* WineViewController.m */,
				354218BD1E31224C00A78FA4 /* WineViewController.xib */,
				353DE1321E702FAE0085532B /* WineViewControlleriPhone.xib */,
				350510251E47D82100292DA8 /* WebViewController.h */,
				350510261E47D82100292DA8 /* WebViewController.m */,
				350510271E47D82100292DA8 /* WebViewController.xib */,
				3583A6DA1E410D9800B8FFA6 /* WineryTableViewController.h */,
				3583A6DB1E410D9800B8FFA6 /* WineryTableViewController.m */,
			);
			name = Controllers;
			sourceTree = "<group>";
		};
		354218C21E31293400A78FA4 /* Resources */ = {
			isa = PBXGroup;
			children = (
				357C5F3D1ECB120E0030E3FA /* HourglassIcon.png */,
				35039B601ECA480900333966 /* RandomIcon.png */,
				3560139E1EB216FA0091811F /* BandaAleatorioMenu.png */,
				3560139F1EB216FA0091811F /* BandaBlancosMenu.png */,
				356013A01EB216FA0091811F /* BandaRojosMenu.png */,
				356013A11EB216FA0091811F /* BandaRosadosMenu.png */,
				356013AC1EB2190A0091811F /* CopaRojosMenu.png */,
				356013A31EB216FA0091811F /* CopaBlancosMenu.png */,
				356013A41EB216FA0091811F /* CopaRosadosMenu.png */,
				35EC152F1E78650C00B3E069 /* Separador.png */,
				35BD0DDA1E71E3C400272407 /* Copas.png */,
				35BD0DD81E71E21200272407 /* header.png */,
				35BD0DD61E71DF9D00272407 /* emptyGlassScore.png */,
				353DE1281E6F352B0085532B /* glassScore.png */,
				354568DF1E6DF6F000C32A96 /* Background.png */,
				353DE1351E706FEB0085532B /* BackgroundiPhone.png */,
				359084511E3FC11500090A3D /* zarate.gif */,
				359084531E3FC11E00090A3D /* comtesDeChampagne.jpg */,
				354218C31E312A8800A78FA4 /* bembibre.jpg */,
				3596C5B51E4CA53500B52DCC /* sinImagen.png */,
			);
			name = Resources;
			sourceTree = "<group>";
		};
		8A737E25BC7C44B9FF44A7F7 /* Frameworks */ = {
			isa = PBXGroup;
			children = (
				82F380D7AC5C4872BCF2782C /* libPods-WineApp.a */,
			);
			name = Frameworks;
			sourceTree = "<group>";
		};
/* End PBXGroup section */

/* Begin PBXNativeTarget section */
		354218991E30E69600A78FA4 /* WineApp */ = {
			isa = PBXNativeTarget;
			buildConfigurationList = 354218AB1E30E69600A78FA4 /* Build configuration list for PBXNativeTarget "WineApp" */;
			buildPhases = (
				FAA3A31C9E3C581007CE4B73 /* [CP] Check Pods Manifest.lock */,
				354218961E30E69600A78FA4 /* Sources */,
				354218971E30E69600A78FA4 /* Frameworks */,
				354218981E30E69600A78FA4 /* Resources */,
				894BEDEE716BEABAEA31C4E8 /* [CP] Embed Pods Frameworks */,
				92F6B1CC66BB7CDEAB1D4806 /* [CP] Copy Pods Resources */,
			);
			buildRules = (
			);
			dependencies = (
			);
			name = WineApp;
			productName = Baccus;
			productReference = 3542189A1E30E69600A78FA4 /* WineApp.app */;
			productType = "com.apple.product-type.application";
		};
/* End PBXNativeTarget section */

/* Begin PBXProject section */
		354218921E30E69600A78FA4 /* Project object */ = {
			isa = PBXProject;
			attributes = {
				LastUpgradeCheck = 0730;
				ORGANIZATIONNAME = "Miguel Arber Mago";
				TargetAttributes = {
					354218991E30E69600A78FA4 = {
						CreatedOnToolsVersion = 7.3.1;
						DevelopmentTeam = 2CXHYKZRNN;
						ProvisioningStyle = Automatic;
					};
				};
			};
			buildConfigurationList = 354218951E30E69600A78FA4 /* Build configuration list for PBXProject "WineApp" */;
			compatibilityVersion = "Xcode 3.2";
			developmentRegion = English;
			hasScannedForEncodings = 0;
			knownRegions = (
				en,
				Base,
			);
			mainGroup = 354218911E30E69600A78FA4;
			productRefGroup = 3542189B1E30E69600A78FA4 /* Products */;
			projectDirPath = "";
			projectRoot = "";
			targets = (
				354218991E30E69600A78FA4 /* WineApp */,
			);
		};
/* End PBXProject section */

/* Begin PBXResourcesBuildPhase section */
		354218981E30E69600A78FA4 /* Resources */ = {
			isa = PBXResourcesBuildPhase;
			buildActionMask = 2147483647;
			files = (
				3596C5B61E4CA53500B52DCC /* sinImagen.png in Resources */,
				356013AB1EB216FA0091811F /* CopaRosadosMenu.png in Resources */,
				35EC15301E78650C00B3E069 /* Separador.png in Resources */,
				354218A41E30E69600A78FA4 /* Assets.xcassets in Resources */,
				351B48091ECB2007005F9323 /* LaunchScreen.storyboard in Resources */,
				35BD0DDB1E71E3C400272407 /* Copas.png in Resources */,
				356013A61EB216FA0091811F /* BandaBlancosMenu.png in Resources */,
				353DE1341E702FAE0085532B /* WineViewControlleriPhone.xib in Resources */,
				35BD0DD91E71E21200272407 /* header.png in Resources */,
				356013AD1EB2190A0091811F /* CopaRojosMenu.png in Resources */,
				35039B611ECA480900333966 /* RandomIcon.png in Resources */,
				354218BF1E31224C00A78FA4 /* WineViewController.xib in Resources */,
				350510291E47D82100292DA8 /* WebViewController.xib in Resources */,
				359084541E3FC11E00090A3D /* comtesDeChampagne.jpg in Resources */,
				359084521E3FC11500090A3D /* zarate.gif in Resources */,
				354568E01E6DF6F000C32A96 /* Background.png in Resources */,
				353DE1291E6F352B0085532B /* glassScore.png in Resources */,
				354218C41E312A8800A78FA4 /* bembibre.jpg in Resources */,
				356013AA1EB216FA0091811F /* CopaBlancosMenu.png in Resources */,
				35BD0DD71E71DF9D00272407 /* emptyGlassScore.png in Resources */,
				357C5F3E1ECB120E0030E3FA /* HourglassIcon.png in Resources */,
				353DE1361E706FEB0085532B /* BackgroundiPhone.png in Resources */,
				356013A71EB216FA0091811F /* BandaRojosMenu.png in Resources */,
				356013A81EB216FA0091811F /* BandaRosadosMenu.png in Resources */,
				35EC15451E7875D100B3E069 /* MainMenu.xib in Resources */,
				356013A51EB216FA0091811F /* BandaAleatorioMenu.png in Resources */,
			);
			runOnlyForDeploymentPostprocessing = 0;
		};
/* End PBXResourcesBuildPhase section */

/* Begin PBXShellScriptBuildPhase section */
		894BEDEE716BEABAEA31C4E8 /* [CP] Embed Pods Frameworks */ = {
			isa = PBXShellScriptBuildPhase;
			buildActionMask = 2147483647;
			files = (
			);
			inputPaths = (
			);
			name = "[CP] Embed Pods Frameworks";
			outputPaths = (
			);
			runOnlyForDeploymentPostprocessing = 0;
			shellPath = /bin/sh;
			shellScript = "\"${SRCROOT}/Pods/Target Support Files/Pods-WineApp/Pods-WineApp-frameworks.sh\"\n";
			showEnvVarsInLog = 0;
		};
		92F6B1CC66BB7CDEAB1D4806 /* [CP] Copy Pods Resources */ = {
			isa = PBXShellScriptBuildPhase;
			buildActionMask = 2147483647;
			files = (
			);
			inputPaths = (
			);
			name = "[CP] Copy Pods Resources";
			outputPaths = (
			);
			runOnlyForDeploymentPostprocessing = 0;
			shellPath = /bin/sh;
			shellScript = "\"${SRCROOT}/Pods/Target Support Files/Pods-WineApp/Pods-WineApp-resources.sh\"\n";
			showEnvVarsInLog = 0;
		};
		FAA3A31C9E3C581007CE4B73 /* [CP] Check Pods Manifest.lock */ = {
			isa = PBXShellScriptBuildPhase;
			buildActionMask = 2147483647;
			files = (
			);
			inputPaths = (
			);
			name = "[CP] Check Pods Manifest.lock";
			outputPaths = (
			);
			runOnlyForDeploymentPostprocessing = 0;
			shellPath = /bin/sh;
			shellScript = "diff \"${PODS_PODFILE_DIR_PATH}/Podfile.lock\" \"${PODS_ROOT}/Manifest.lock\" > /dev/null\nif [ $? != 0 ] ; then\n    # print error to STDERR\n    echo \"error: The sandbox is not in sync with the Podfile.lock. Run 'pod install' or update your CocoaPods installation.\" >&2\n    exit 1\nfi\n";
			showEnvVarsInLog = 0;
		};
/* End PBXShellScriptBuildPhase section */

/* Begin PBXSourcesBuildPhase section */
		354218961E30E69600A78FA4 /* Sources */ = {
			isa = PBXSourcesBuildPhase;
			buildActionMask = 2147483647;
			files = (
				354218B01E30EEF800A78FA4 /* WineModel.m in Sources */,
				350510281E47D82100292DA8 /* WebViewController.m in Sources */,
				354218BE1E31224C00A78FA4 /* WineViewController.m in Sources */,
				354218A21E30E69600A78FA4 /* AppDelegate.m in Sources */,
				3583A6DC1E410D9800B8FFA6 /* WineryTableViewController.m in Sources */,
				3542189F1E30E69600A78FA4 /* main.m in Sources */,
				3583A6D91E4107DC00B8FFA6 /* WineryModel.m in Sources */,
				35EC15441E7875D100B3E069 /* MainMenu.m in Sources */,
			);
			runOnlyForDeploymentPostprocessing = 0;
		};
/* End PBXSourcesBuildPhase section */

/* Begin XCBuildConfiguration section */
		354218A91E30E69600A78FA4 /* Debug */ = {
			isa = XCBuildConfiguration;
			buildSettings = {
				ALWAYS_SEARCH_USER_PATHS = NO;
				CLANG_ANALYZER_NONNULL = YES;
				CLANG_CXX_LANGUAGE_STANDARD = "gnu++0x";
				CLANG_CXX_LIBRARY = "libc++";
				CLANG_ENABLE_MODULES = YES;
				CLANG_ENABLE_OBJC_ARC = YES;
				CLANG_WARN_BOOL_CONVERSION = YES;
				CLANG_WARN_CONSTANT_CONVERSION = YES;
				CLANG_WARN_DIRECT_OBJC_ISA_USAGE = YES_ERROR;
				CLANG_WARN_EMPTY_BODY = YES;
				CLANG_WARN_ENUM_CONVERSION = YES;
				CLANG_WARN_INT_CONVERSION = YES;
				CLANG_WARN_OBJC_ROOT_CLASS = YES_ERROR;
				CLANG_WARN_UNREACHABLE_CODE = YES;
				CLANG_WARN__DUPLICATE_METHOD_MATCH = YES;
				"CODE_SIGN_IDENTITY[sdk=iphoneos*]" = "iPhone Developer";
				COPY_PHASE_STRIP = NO;
				DEBUG_INFORMATION_FORMAT = dwarf;
				ENABLE_STRICT_OBJC_MSGSEND = YES;
				ENABLE_TESTABILITY = YES;
				GCC_C_LANGUAGE_STANDARD = gnu99;
				GCC_DYNAMIC_NO_PIC = NO;
				GCC_NO_COMMON_BLOCKS = YES;
				GCC_OPTIMIZATION_LEVEL = 0;
				GCC_PREPROCESSOR_DEFINITIONS = (
					"DEBUG=1",
					"$(inherited)",
				);
				GCC_WARN_64_TO_32_BIT_CONVERSION = YES;
				GCC_WARN_ABOUT_RETURN_TYPE = YES_ERROR;
				GCC_WARN_UNDECLARED_SELECTOR = YES;
				GCC_WARN_UNINITIALIZED_AUTOS = YES_AGGRESSIVE;
				GCC_WARN_UNUSED_FUNCTION = YES;
				GCC_WARN_UNUSED_VARIABLE = YES;
				IPHONEOS_DEPLOYMENT_TARGET = 9.2;
				MTL_ENABLE_DEBUG_INFO = YES;
				ONLY_ACTIVE_ARCH = YES;
				SDKROOT = iphoneos;
				TARGETED_DEVICE_FAMILY = 2;
			};
			name = Debug;
		};
		354218AA1E30E69600A78FA4 /* Release */ = {
			isa = XCBuildConfiguration;
			buildSettings = {
				ALWAYS_SEARCH_USER_PATHS = NO;
				CLANG_ANALYZER_NONNULL = YES;
				CLANG_CXX_LANGUAGE_STANDARD = "gnu++0x";
				CLANG_CXX_LIBRARY = "libc++";
				CLANG_ENABLE_MODULES = YES;
				CLANG_ENABLE_OBJC_ARC = YES;
				CLANG_WARN_BOOL_CONVERSION = YES;
				CLANG_WARN_CONSTANT_CONVERSION = YES;
				CLANG_WARN_DIRECT_OBJC_ISA_USAGE = YES_ERROR;
				CLANG_WARN_EMPTY_BODY = YES;
				CLANG_WARN_ENUM_CONVERSION = YES;
				CLANG_WARN_INT_CONVERSION = YES;
				CLANG_WARN_OBJC_ROOT_CLASS = YES_ERROR;
				CLANG_WARN_UNREACHABLE_CODE = YES;
				CLANG_WARN__DUPLICATE_METHOD_MATCH = YES;
				"CODE_SIGN_IDENTITY[sdk=iphoneos*]" = "iPhone Developer";
				COPY_PHASE_STRIP = NO;
				DEBUG_INFORMATION_FORMAT = "dwarf-with-dsym";
				ENABLE_NS_ASSERTIONS = NO;
				ENABLE_STRICT_OBJC_MSGSEND = YES;
				GCC_C_LANGUAGE_STANDARD = gnu99;
				GCC_NO_COMMON_BLOCKS = YES;
				GCC_WARN_64_TO_32_BIT_CONVERSION = YES;
				GCC_WARN_ABOUT_RETURN_TYPE = YES_ERROR;
				GCC_WARN_UNDECLARED_SELECTOR = YES;
				GCC_WARN_UNINITIALIZED_AUTOS = YES_AGGRESSIVE;
				GCC_WARN_UNUSED_FUNCTION = YES;
				GCC_WARN_UNUSED_VARIABLE = YES;
				IPHONEOS_DEPLOYMENT_TARGET = 9.2;
				MTL_ENABLE_DEBUG_INFO = NO;
				SDKROOT = iphoneos;
				TARGETED_DEVICE_FAMILY = 2;
				VALIDATE_PRODUCT = YES;
			};
			name = Release;
		};
		354218AC1E30E69600A78FA4 /* Debug */ = {
			isa = XCBuildConfiguration;
			baseConfigurationReference = 6501CF743EC3101BA87742E1 /* Pods-WineApp.debug.xcconfig */;
			buildSettings = {
				ASSETCATALOG_COMPILER_APPICON_NAME = AppIcon;
				CODE_SIGN_IDENTITY = "iPhone Developer";
				"CODE_SIGN_IDENTITY[sdk=iphoneos*]" = "iPhone Developer";
				DEVELOPMENT_TEAM = 2CXHYKZRNN;
				INFOPLIST_FILE = Baccus/Info.plist;
				IPHONEOS_DEPLOYMENT_TARGET = 9.2;
				LD_RUNPATH_SEARCH_PATHS = "$(inherited) @executable_path/Frameworks";
				PRODUCT_BUNDLE_IDENTIFIER = ArberMago.WineApp;
				PRODUCT_NAME = WineApp;
				PROVISIONING_PROFILE_SPECIFIER = "";
				TARGETED_DEVICE_FAMILY = "1,2";
			};
			name = Debug;
		};
		354218AD1E30E69600A78FA4 /* Release */ = {
			isa = XCBuildConfiguration;
			baseConfigurationReference = 753CF9C2A5A58CA2BA04A3F7 /* Pods-WineApp.release.xcconfig */;
			buildSettings = {
				ASSETCATALOG_COMPILER_APPICON_NAME = AppIcon;
				CODE_SIGN_IDENTITY = "iPhone Developer";
				"CODE_SIGN_IDENTITY[sdk=iphoneos*]" = "iPhone Developer";
				DEVELOPMENT_TEAM = 2CXHYKZRNN;
				INFOPLIST_FILE = Baccus/Info.plist;
				IPHONEOS_DEPLOYMENT_TARGET = 9.2;
				LD_RUNPATH_SEARCH_PATHS = "$(inherited) @executable_path/Frameworks";
				PRODUCT_BUNDLE_IDENTIFIER = ArberMago.WineApp;
				PRODUCT_NAME = WineApp;
				PROVISIONING_PROFILE_SPECIFIER = "";
				TARGETED_DEVICE_FAMILY = "1,2";
			};
			name = Release;
		};
/* End XCBuildConfiguration section */

/* Begin XCConfigurationList section */
		354218951E30E69600A78FA4 /* Build configuration list for PBXProject "WineApp" */ = {
			isa = XCConfigurationList;
			buildConfigurations = (
				354218A91E30E69600A78FA4 /* Debug */,
				354218AA1E30E69600A78FA4 /* Release */,
			);
			defaultConfigurationIsVisible = 0;
			defaultConfigurationName = Release;
		};
		354218AB1E30E69600A78FA4 /* Build configuration list for PBXNativeTarget "WineApp" */ = {
			isa = XCConfigurationList;
			buildConfigurations = (
				354218AC1E30E69600A78FA4 /* Debug */,
				354218AD1E30E69600A78FA4 /* Release */,
			);
			defaultConfigurationIsVisible = 0;
			defaultConfigurationName = Release;
		};
/* End XCConfigurationList section */
	};
	rootObject = 354218921E30E69600A78FA4 /* Project object */;
}
